
Microsoft Visual Studio Solution File, Format Version 12.00
# Visual Studio Version 16
VisualStudioVersion = 16.0.28711.60
MinimumVisualStudioVersion = 10.0.40219.1
Project("{FAE04EC0-301F-11D3-BF4B-00C04F79EFBC}") = "OrionikUA.UrlCreator", "OrionikUA.UrlCreator\OrionikUA.UrlCreator.csproj", "{50749C69-2B79-4E75-872A-83635DD93942}"
EndProject
Project("{FAE04EC0-301F-11D3-BF4B-00C04F79EFBC}") = "OrionikUA.UrlCreator.Tests", "OrionikUA.UrlCreator.Tests\OrionikUA.UrlCreator.Tests.csproj", "{6063FEBE-4948-4F50-A4E0-05CA648A2152}"
EndProject
Global
	GlobalSection(SolutionConfigurationPlatforms) = preSolution
		Debug|Any CPU = Debug|Any CPU
		Release|Any CPU = Release|Any CPU
	EndGlobalSection
	GlobalSection(ProjectConfigurationPlatforms) = postSolution
		{50749C69-2B79-4E75-872A-83635DD93942}.Debug|Any CPU.ActiveCfg = Debug|Any CPU
		{50749C69-2B79-4E75-872A-83635DD93942}.Debug|Any CPU.Build.0 = Debug|Any CPU
		{50749C69-2B79-4E75-872A-83635DD93942}.Release|Any CPU.ActiveCfg = Release|Any CPU
		{50749C69-2B79-4E75-872A-83635DD93942}.Release|Any CPU.Build.0 = Release|Any CPU
		{6063FEBE-4948-4F50-A4E0-05CA648A2152}.Debug|Any CPU.ActiveCfg = Debug|Any CPU
		{6063FEBE-4948-4F50-A4E0-05CA648A2152}.Debug|Any CPU.Build.0 = Debug|Any CPU
		{6063FEBE-4948-4F50-A4E0-05CA648A2152}.Release|Any CPU.ActiveCfg = Release|Any CPU
		{6063FEBE-4948-4F50-A4E0-05CA648A2152}.Release|Any CPU.Build.0 = Release|Any CPU
	EndGlobalSection
	GlobalSection(SolutionProperties) = preSolution
		HideSolutionNode = FALSE
	EndGlobalSection
	GlobalSection(ExtensibilityGlobals) = postSolution
		SolutionGuid = {3D177061-C535-4190-8E69-700A23100ADB}
	EndGlobalSection
EndGlobal
